
Microsoft Visual Studio Solution File, Format Version 12.00
# Visual Studio Version 17
VisualStudioVersion = 17.7.34302.85
MinimumVisualStudioVersion = 10.0.40219.1
Project("{9A19103F-16F7-4668-BE54-9A1E7A4F7556}") = "ADOReportConsole", "ADOReportConsole.csproj", "{F0553CB9-9A8C-4401-8150-88D3DD883A12}"
EndProject
Project("{FAE04EC0-301F-11D3-BF4B-00C04F79EFBC}") = "ADOReportWeb", "..\ADOReportWeb\ADOReportWeb.csproj", "{F128893C-C247-49C3-84CF-A55B9A90D01C}"
EndProject
Global
	GlobalSection(SolutionConfigurationPlatforms) = preSolution
		Debug|Any CPU = Debug|Any CPU
		Release|Any CPU = Release|Any CPU
	EndGlobalSection
	GlobalSection(ProjectConfigurationPlatforms) = postSolution
		{F0553CB9-9A8C-4401-8150-88D3DD883A12}.Debug|Any CPU.ActiveCfg = Debug|Any CPU
		{F0553CB9-9A8C-4401-8150-88D3DD883A12}.Debug|Any CPU.Build.0 = Debug|Any CPU
		{F0553CB9-9A8C-4401-8150-88D3DD883A12}.Release|Any CPU.ActiveCfg = Release|Any CPU
		{F0553CB9-9A8C-4401-8150-88D3DD883A12}.Release|Any CPU.Build.0 = Release|Any CPU
		{F128893C-C247-49C3-84CF-A55B9A90D01C}.Debug|Any CPU.ActiveCfg = Debug|Any CPU
		{F128893C-C247-49C3-84CF-A55B9A90D01C}.Debug|Any CPU.Build.0 = Debug|Any CPU
		{F128893C-C247-49C3-84CF-A55B9A90D01C}.Release|Any CPU.ActiveCfg = Release|Any CPU
		{F128893C-C247-49C3-84CF-A55B9A90D01C}.Release|Any CPU.Build.0 = Release|Any CPU
	EndGlobalSection
	GlobalSection(SolutionProperties) = preSolution
		HideSolutionNode = FALSE
	EndGlobalSection
	GlobalSection(ExtensibilityGlobals) = postSolution
		SolutionGuid = {AF4A8589-055A-43B3-8CF5-5210BBA7FCD8}
	EndGlobalSection
EndGlobal
